// !$*UTF8*$!
{
	archiveVersion = 1;
	classes = {
	};
	objectVersion = 51;
	objects = {

/* Begin PBXBuildFile section */
		890AB2FD2433F9FA00618D56 /* GoogleService-Info.plist in Resources */ = {isa = PBXBuildFile; fileRef = 890AB2FC2433F9FA00618D56 /* GoogleService-Info.plist */; };
		8935CD9B2431110600DC7EA0 /* AppDelegate.swift in Sources */ = {isa = PBXBuildFile; fileRef = 8935CD9A2431110600DC7EA0 /* AppDelegate.swift */; };
		8935CD9D2431110600DC7EA0 /* SceneDelegate.swift in Sources */ = {isa = PBXBuildFile; fileRef = 8935CD9C2431110600DC7EA0 /* SceneDelegate.swift */; };
		8935CDA22431110600DC7EA0 /* Main.storyboard in Resources */ = {isa = PBXBuildFile; fileRef = 8935CDA02431110600DC7EA0 /* Main.storyboard */; };
		8935CDA42431110700DC7EA0 /* Assets.xcassets in Resources */ = {isa = PBXBuildFile; fileRef = 8935CDA32431110700DC7EA0 /* Assets.xcassets */; };
		8935CDA72431110700DC7EA0 /* LaunchScreen.storyboard in Resources */ = {isa = PBXBuildFile; fileRef = 8935CDA52431110700DC7EA0 /* LaunchScreen.storyboard */; };
		8935CDB52431134800DC7EA0 /* TabBarViewController.swift in Sources */ = {isa = PBXBuildFile; fileRef = 8935CDB42431134800DC7EA0 /* TabBarViewController.swift */; };
		8935CDB924311BFA00DC7EA0 /* FeedController.swift in Sources */ = {isa = PBXBuildFile; fileRef = 8935CDB824311BFA00DC7EA0 /* FeedController.swift */; };
		8935CDBB24311C5A00DC7EA0 /* ExploreController.swift in Sources */ = {isa = PBXBuildFile; fileRef = 8935CDBA24311C5A00DC7EA0 /* ExploreController.swift */; };
		8935CDBD24311CD600DC7EA0 /* NotificationsController.swift in Sources */ = {isa = PBXBuildFile; fileRef = 8935CDBC24311CD600DC7EA0 /* NotificationsController.swift */; };
		8935CDC124311DF400DC7EA0 /* ConversationsController.swift in Sources */ = {isa = PBXBuildFile; fileRef = 8935CDC024311DF400DC7EA0 /* ConversationsController.swift */; };
		8935CDC3243142A700DC7EA0 /* Extensions.swift in Sources */ = {isa = PBXBuildFile; fileRef = 8935CDC2243142A700DC7EA0 /* Extensions.swift */; };
		8935CDC6243172E000DC7EA0 /* LoginController.swift in Sources */ = {isa = PBXBuildFile; fileRef = 8935CDC5243172E000DC7EA0 /* LoginController.swift */; };
		8935CDC82431738700DC7EA0 /* RegistrationController.swift in Sources */ = {isa = PBXBuildFile; fileRef = 8935CDC72431738700DC7EA0 /* RegistrationController.swift */; };
		8935CDCA24326F9200DC7EA0 /* Utilities.swift in Sources */ = {isa = PBXBuildFile; fileRef = 8935CDC924326F9200DC7EA0 /* Utilities.swift */; };
		893E71B3248BE494001C66E9 /* Schedule.swift in Sources */ = {isa = PBXBuildFile; fileRef = 893E71B2248BE494001C66E9 /* Schedule.swift */; };
		894589A0245B688C00BB3D28 /* User.swift in Sources */ = {isa = PBXBuildFile; fileRef = 8945899F245B688C00BB3D28 /* User.swift */; };
		8948FE44245AA15D00ED0A2B /* UserService.swift in Sources */ = {isa = PBXBuildFile; fileRef = 8948FE43245AA15D00ED0A2B /* UserService.swift */; };
		894AAF18246392C200D98F45 /* TweetCell.swift in Sources */ = {isa = PBXBuildFile; fileRef = 894AAF17246392C200D98F45 /* TweetCell.swift */; };
		895403ED245E50520031331A /* UploadTweetController.swift in Sources */ = {isa = PBXBuildFile; fileRef = 895403EC245E50520031331A /* UploadTweetController.swift */; };
		89B6B10924633C1C000C70B1 /* TextViewWithPlaceholder.swift in Sources */ = {isa = PBXBuildFile; fileRef = 89B6B10824633C1C000C70B1 /* TextViewWithPlaceholder.swift */; };
		89B6B10B246342FD000C70B1 /* TweetService.swift in Sources */ = {isa = PBXBuildFile; fileRef = 89B6B10A246342FD000C70B1 /* TweetService.swift */; };
		89B6B10D2463546C000C70B1 /* Tweet.swift in Sources */ = {isa = PBXBuildFile; fileRef = 89B6B10C2463546C000C70B1 /* Tweet.swift */; };
		89DA139924345B6D00A1596D /* Constants.swift in Sources */ = {isa = PBXBuildFile; fileRef = 89DA139824345B6D00A1596D /* Constants.swift */; };
		89DA139B243503A300A1596D /* AuthService.swift in Sources */ = {isa = PBXBuildFile; fileRef = 89DA139A243503A300A1596D /* AuthService.swift */; };
		C4B906AC5A8FD8E99C5565EE /* Pods_TwitterHopefully.framework in Frameworks */ = {isa = PBXBuildFile; fileRef = 627E99D056F78BF778FDC070 /* Pods_TwitterHopefully.framework */; };
/* End PBXBuildFile section */

/* Begin PBXFileReference section */
		55A9C149F2B97E7E98DB9846 /* Pods-TwitterHopefully.release.xcconfig */ = {isa = PBXFileReference; includeInIndex = 1; lastKnownFileType = text.xcconfig; name = "Pods-TwitterHopefully.release.xcconfig"; path = "Target Support Files/Pods-TwitterHopefully/Pods-TwitterHopefully.release.xcconfig"; sourceTree = "<group>"; };
		627E99D056F78BF778FDC070 /* Pods_TwitterHopefully.framework */ = {isa = PBXFileReference; explicitFileType = wrapper.framework; includeInIndex = 0; path = Pods_TwitterHopefully.framework; sourceTree = BUILT_PRODUCTS_DIR; };
		890AB2FC2433F9FA00618D56 /* GoogleService-Info.plist */ = {isa = PBXFileReference; lastKnownFileType = text.plist; path = "GoogleService-Info.plist"; sourceTree = SOURCE_ROOT; };
		8935CD972431110600DC7EA0 /* TwitterHopefully.app */ = {isa = PBXFileReference; explicitFileType = wrapper.application; includeInIndex = 0; path = TwitterHopefully.app; sourceTree = BUILT_PRODUCTS_DIR; };
		8935CD9A2431110600DC7EA0 /* AppDelegate.swift */ = {isa = PBXFileReference; lastKnownFileType = sourcecode.swift; path = AppDelegate.swift; sourceTree = "<group>"; };
		8935CD9C2431110600DC7EA0 /* SceneDelegate.swift */ = {isa = PBXFileReference; lastKnownFileType = sourcecode.swift; path = SceneDelegate.swift; sourceTree = "<group>"; };
		8935CDA12431110600DC7EA0 /* Base */ = {isa = PBXFileReference; lastKnownFileType = file.storyboard; name = Base; path = Base.lproj/Main.storyboard; sourceTree = "<group>"; };
		8935CDA32431110700DC7EA0 /* Assets.xcassets */ = {isa = PBXFileReference; lastKnownFileType = folder.assetcatalog; path = Assets.xcassets; sourceTree = "<group>"; };
		8935CDA62431110700DC7EA0 /* Base */ = {isa = PBXFileReference; lastKnownFileType = file.storyboard; name = Base; path = Base.lproj/LaunchScreen.storyboard; sourceTree = "<group>"; };
		8935CDA82431110700DC7EA0 /* Info.plist */ = {isa = PBXFileReference; lastKnownFileType = text.plist.xml; path = Info.plist; sourceTree = "<group>"; };
		8935CDB42431134800DC7EA0 /* TabBarViewController.swift */ = {isa = PBXFileReference; lastKnownFileType = sourcecode.swift; path = TabBarViewController.swift; sourceTree = "<group>"; };
		8935CDB824311BFA00DC7EA0 /* FeedController.swift */ = {isa = PBXFileReference; lastKnownFileType = sourcecode.swift; path = FeedController.swift; sourceTree = "<group>"; };
		8935CDBA24311C5A00DC7EA0 /* ExploreController.swift */ = {isa = PBXFileReference; lastKnownFileType = sourcecode.swift; path = ExploreController.swift; sourceTree = "<group>"; };
		8935CDBC24311CD600DC7EA0 /* NotificationsController.swift */ = {isa = PBXFileReference; lastKnownFileType = sourcecode.swift; path = NotificationsController.swift; sourceTree = "<group>"; };
		8935CDC024311DF400DC7EA0 /* ConversationsController.swift */ = {isa = PBXFileReference; lastKnownFileType = sourcecode.swift; path = ConversationsController.swift; sourceTree = "<group>"; };
		8935CDC2243142A700DC7EA0 /* Extensions.swift */ = {isa = PBXFileReference; lastKnownFileType = sourcecode.swift; path = Extensions.swift; sourceTree = "<group>"; };
		8935CDC5243172E000DC7EA0 /* LoginController.swift */ = {isa = PBXFileReference; lastKnownFileType = sourcecode.swift; path = LoginController.swift; sourceTree = "<group>"; };
		8935CDC72431738700DC7EA0 /* RegistrationController.swift */ = {isa = PBXFileReference; lastKnownFileType = sourcecode.swift; path = RegistrationController.swift; sourceTree = "<group>"; };
		8935CDC924326F9200DC7EA0 /* Utilities.swift */ = {isa = PBXFileReference; lastKnownFileType = sourcecode.swift; path = Utilities.swift; sourceTree = "<group>"; };
		893E71B2248BE494001C66E9 /* Schedule.swift */ = {isa = PBXFileReference; lastKnownFileType = sourcecode.swift; path = Schedule.swift; sourceTree = "<group>"; };
		8945899F245B688C00BB3D28 /* User.swift */ = {isa = PBXFileReference; lastKnownFileType = sourcecode.swift; path = User.swift; sourceTree = "<group>"; };
		8948FE43245AA15D00ED0A2B /* UserService.swift */ = {isa = PBXFileReference; lastKnownFileType = sourcecode.swift; path = UserService.swift; sourceTree = "<group>"; };
		894AAF17246392C200D98F45 /* TweetCell.swift */ = {isa = PBXFileReference; lastKnownFileType = sourcecode.swift; path = TweetCell.swift; sourceTree = "<group>"; };
		895403EC245E50520031331A /* UploadTweetController.swift */ = {isa = PBXFileReference; lastKnownFileType = sourcecode.swift; path = UploadTweetController.swift; sourceTree = "<group>"; };
		89B6B10824633C1C000C70B1 /* TextViewWithPlaceholder.swift */ = {isa = PBXFileReference; lastKnownFileType = sourcecode.swift; path = TextViewWithPlaceholder.swift; sourceTree = "<group>"; };
		89B6B10A246342FD000C70B1 /* TweetService.swift */ = {isa = PBXFileReference; lastKnownFileType = sourcecode.swift; path = TweetService.swift; sourceTree = "<group>"; };
		89B6B10C2463546C000C70B1 /* Tweet.swift */ = {isa = PBXFileReference; lastKnownFileType = sourcecode.swift; path = Tweet.swift; sourceTree = "<group>"; };
		89DA139824345B6D00A1596D /* Constants.swift */ = {isa = PBXFileReference; lastKnownFileType = sourcecode.swift; path = Constants.swift; sourceTree = "<group>"; };
		89DA139A243503A300A1596D /* AuthService.swift */ = {isa = PBXFileReference; lastKnownFileType = sourcecode.swift; path = AuthService.swift; sourceTree = "<group>"; };
		8B24458AE9FB7C56CCCEBB84 /* Pods-TwitterHopefully.debug.xcconfig */ = {isa = PBXFileReference; includeInIndex = 1; lastKnownFileType = text.xcconfig; name = "Pods-TwitterHopefully.debug.xcconfig"; path = "Target Support Files/Pods-TwitterHopefully/Pods-TwitterHopefully.debug.xcconfig"; sourceTree = "<group>"; };
/* End PBXFileReference section */

/* Begin PBXFrameworksBuildPhase section */
		8935CD942431110600DC7EA0 /* Frameworks */ = {
			isa = PBXFrameworksBuildPhase;
			buildActionMask = 2147483647;
			files = (
				C4B906AC5A8FD8E99C5565EE /* Pods_TwitterHopefully.framework in Frameworks */,
			);
			runOnlyForDeploymentPostprocessing = 0;
		};
/* End PBXFrameworksBuildPhase section */

/* Begin PBXGroup section */
		8935CD8E2431110600DC7EA0 = {
			isa = PBXGroup;
			children = (
				8935CD992431110600DC7EA0 /* TwitterHopefully */,
				8935CD982431110600DC7EA0 /* Products */,
				B6A3E192DE376195519449DD /* Pods */,
				D791369530C1247E90517719 /* Frameworks */,
			);
			sourceTree = "<group>";
		};
		8935CD982431110600DC7EA0 /* Products */ = {
			isa = PBXGroup;
			children = (
				8935CD972431110600DC7EA0 /* TwitterHopefully.app */,
			);
			name = Products;
			sourceTree = "<group>";
		};
		8935CD992431110600DC7EA0 /* TwitterHopefully */ = {
			isa = PBXGroup;
			children = (
				8935CDAE2431114C00DC7EA0 /* Model */,
				8935CDAF2431116000DC7EA0 /* View */,
				8935CDB02431118400DC7EA0 /* ViewModel */,
				8935CDB1243111A200DC7EA0 /* Controller */,
				8935CDB2243111B400DC7EA0 /* API */,
				8935CDB3243111C200DC7EA0 /* Utils */,
				8935CD9A2431110600DC7EA0 /* AppDelegate.swift */,
				8935CD9C2431110600DC7EA0 /* SceneDelegate.swift */,
				890AB2FC2433F9FA00618D56 /* GoogleService-Info.plist */,
				8935CDA02431110600DC7EA0 /* Main.storyboard */,
				8935CDA32431110700DC7EA0 /* Assets.xcassets */,
				8935CDA52431110700DC7EA0 /* LaunchScreen.storyboard */,
				8935CDA82431110700DC7EA0 /* Info.plist */,
			);
			path = TwitterHopefully;
			sourceTree = "<group>";
		};
		8935CDAE2431114C00DC7EA0 /* Model */ = {
			isa = PBXGroup;
			children = (
				8945899F245B688C00BB3D28 /* User.swift */,
				89B6B10C2463546C000C70B1 /* Tweet.swift */,
				893E71B2248BE494001C66E9 /* Schedule.swift */,
			);
			path = Model;
			sourceTree = "<group>";
		};
		8935CDAF2431116000DC7EA0 /* View */ = {
			isa = PBXGroup;
			children = (
				89B6B10824633C1C000C70B1 /* TextViewWithPlaceholder.swift */,
				894AAF17246392C200D98F45 /* TweetCell.swift */,
			);
			path = View;
			sourceTree = "<group>";
		};
		8935CDB02431118400DC7EA0 /* ViewModel */ = {
			isa = PBXGroup;
			children = (
			);
			path = ViewModel;
			sourceTree = "<group>";
		};
		8935CDB1243111A200DC7EA0 /* Controller */ = {
			isa = PBXGroup;
			children = (
				8935CDC4243172CF00DC7EA0 /* Auth */,
				8935CDB42431134800DC7EA0 /* TabBarViewController.swift */,
				8935CDB824311BFA00DC7EA0 /* FeedController.swift */,
				8935CDBA24311C5A00DC7EA0 /* ExploreController.swift */,
				8935CDBC24311CD600DC7EA0 /* NotificationsController.swift */,
				8935CDC024311DF400DC7EA0 /* ConversationsController.swift */,
				895403EC245E50520031331A /* UploadTweetController.swift */,
			);
			path = Controller;
			sourceTree = "<group>";
		};
		8935CDB2243111B400DC7EA0 /* API */ = {
			isa = PBXGroup;
			children = (
				89DA139A243503A300A1596D /* AuthService.swift */,
				8948FE43245AA15D00ED0A2B /* UserService.swift */,
				89B6B10A246342FD000C70B1 /* TweetService.swift */,
			);
			path = API;
			sourceTree = "<group>";
		};
		8935CDB3243111C200DC7EA0 /* Utils */ = {
			isa = PBXGroup;
			children = (
				8935CDC2243142A700DC7EA0 /* Extensions.swift */,
				8935CDC924326F9200DC7EA0 /* Utilities.swift */,
				89DA139824345B6D00A1596D /* Constants.swift */,
			);
			path = Utils;
			sourceTree = "<group>";
		};
		8935CDC4243172CF00DC7EA0 /* Auth */ = {
			isa = PBXGroup;
			children = (
				8935CDC5243172E000DC7EA0 /* LoginController.swift */,
				8935CDC72431738700DC7EA0 /* RegistrationController.swift */,
			);
			path = Auth;
			sourceTree = "<group>";
		};
		B6A3E192DE376195519449DD /* Pods */ = {
			isa = PBXGroup;
			children = (
				8B24458AE9FB7C56CCCEBB84 /* Pods-TwitterHopefully.debug.xcconfig */,
				55A9C149F2B97E7E98DB9846 /* Pods-TwitterHopefully.release.xcconfig */,
			);
			path = Pods;
			sourceTree = "<group>";
		};
		D791369530C1247E90517719 /* Frameworks */ = {
			isa = PBXGroup;
			children = (
				627E99D056F78BF778FDC070 /* Pods_TwitterHopefully.framework */,
			);
			name = Frameworks;
			sourceTree = "<group>";
		};
/* End PBXGroup section */

/* Begin PBXNativeTarget section */
		8935CD962431110600DC7EA0 /* TwitterHopefully */ = {
			isa = PBXNativeTarget;
			buildConfigurationList = 8935CDAB2431110700DC7EA0 /* Build configuration list for PBXNativeTarget "TwitterHopefully" */;
			buildPhases = (
				E65FE9AE18969CCD16A1F076 /* [CP] Check Pods Manifest.lock */,
				8935CD932431110600DC7EA0 /* Sources */,
				8935CD942431110600DC7EA0 /* Frameworks */,
				8935CD952431110600DC7EA0 /* Resources */,
				24ABF8C35132042EBD9199CC /* [CP] Embed Pods Frameworks */,
			);
			buildRules = (
			);
			dependencies = (
			);
			name = TwitterHopefully;
			productName = TwitterHopefully;
			productReference = 8935CD972431110600DC7EA0 /* TwitterHopefully.app */;
			productType = "com.apple.product-type.application";
		};
/* End PBXNativeTarget section */

/* Begin PBXProject section */
		8935CD8F2431110600DC7EA0 /* Project object */ = {
			isa = PBXProject;
			attributes = {
				LastSwiftUpdateCheck = 1130;
				LastUpgradeCheck = 1130;
				ORGANIZATIONNAME = "Michael Perrone";
				TargetAttributes = {
					8935CD962431110600DC7EA0 = {
						CreatedOnToolsVersion = 11.3.1;
					};
				};
			};
			buildConfigurationList = 8935CD922431110600DC7EA0 /* Build configuration list for PBXProject "TwitterHopefully" */;
			compatibilityVersion = "Xcode 9.3";
			developmentRegion = en;
			hasScannedForEncodings = 0;
			knownRegions = (
				en,
				Base,
			);
			mainGroup = 8935CD8E2431110600DC7EA0;
			productRefGroup = 8935CD982431110600DC7EA0 /* Products */;
			projectDirPath = "";
			projectRoot = "";
			targets = (
				8935CD962431110600DC7EA0 /* TwitterHopefully */,
			);
		};
/* End PBXProject section */

/* Begin PBXResourcesBuildPhase section */
		8935CD952431110600DC7EA0 /* Resources */ = {
			isa = PBXResourcesBuildPhase;
			buildActionMask = 2147483647;
			files = (
				8935CDA72431110700DC7EA0 /* LaunchScreen.storyboard in Resources */,
				890AB2FD2433F9FA00618D56 /* GoogleService-Info.plist in Resources */,
				8935CDA42431110700DC7EA0 /* Assets.xcassets in Resources */,
				8935CDA22431110600DC7EA0 /* Main.storyboard in Resources */,
			);
			runOnlyForDeploymentPostprocessing = 0;
		};
/* End PBXResourcesBuildPhase section */

/* Begin PBXShellScriptBuildPhase section */
		24ABF8C35132042EBD9199CC /* [CP] Embed Pods Frameworks */ = {
			isa = PBXShellScriptBuildPhase;
			buildActionMask = 2147483647;
			files = (
			);
			inputFileListPaths = (
				"${PODS_ROOT}/Target Support Files/Pods-TwitterHopefully/Pods-TwitterHopefully-frameworks-${CONFIGURATION}-input-files.xcfilelist",
			);
			name = "[CP] Embed Pods Frameworks";
			outputFileListPaths = (
				"${PODS_ROOT}/Target Support Files/Pods-TwitterHopefully/Pods-TwitterHopefully-frameworks-${CONFIGURATION}-output-files.xcfilelist",
			);
			runOnlyForDeploymentPostprocessing = 0;
			shellPath = /bin/sh;
			shellScript = "\"${PODS_ROOT}/Target Support Files/Pods-TwitterHopefully/Pods-TwitterHopefully-frameworks.sh\"\n";
			showEnvVarsInLog = 0;
		};
		E65FE9AE18969CCD16A1F076 /* [CP] Check Pods Manifest.lock */ = {
			isa = PBXShellScriptBuildPhase;
			buildActionMask = 2147483647;
			files = (
			);
			inputFileListPaths = (
			);
			inputPaths = (
				"${PODS_PODFILE_DIR_PATH}/Podfile.lock",
				"${PODS_ROOT}/Manifest.lock",
			);
			name = "[CP] Check Pods Manifest.lock";
			outputFileListPaths = (
			);
			outputPaths = (
				"$(DERIVED_FILE_DIR)/Pods-TwitterHopefully-checkManifestLockResult.txt",
			);
			runOnlyForDeploymentPostprocessing = 0;
			shellPath = /bin/sh;
			shellScript = "diff \"${PODS_PODFILE_DIR_PATH}/Podfile.lock\" \"${PODS_ROOT}/Manifest.lock\" > /dev/null\nif [ $? != 0 ] ; then\n    # print error to STDERR\n    echo \"error: The sandbox is not in sync with the Podfile.lock. Run 'pod install' or update your CocoaPods installation.\" >&2\n    exit 1\nfi\n# This output is used by Xcode 'outputs' to avoid re-running this script phase.\necho \"SUCCESS\" > \"${SCRIPT_OUTPUT_FILE_0}\"\n";
			showEnvVarsInLog = 0;
		};
/* End PBXShellScriptBuildPhase section */

/* Begin PBXSourcesBuildPhase section */
		8935CD932431110600DC7EA0 /* Sources */ = {
			isa = PBXSourcesBuildPhase;
			buildActionMask = 2147483647;
			files = (
				8948FE44245AA15D00ED0A2B /* UserService.swift in Sources */,
				8935CDBD24311CD600DC7EA0 /* NotificationsController.swift in Sources */,
				8935CDC124311DF400DC7EA0 /* ConversationsController.swift in Sources */,
				8935CDCA24326F9200DC7EA0 /* Utilities.swift in Sources */,
				8935CD9B2431110600DC7EA0 /* AppDelegate.swift in Sources */,
				8935CDC3243142A700DC7EA0 /* Extensions.swift in Sources */,
				8935CDBB24311C5A00DC7EA0 /* ExploreController.swift in Sources */,
				894AAF18246392C200D98F45 /* TweetCell.swift in Sources */,
				89DA139B243503A300A1596D /* AuthService.swift in Sources */,
				895403ED245E50520031331A /* UploadTweetController.swift in Sources */,
				894589A0245B688C00BB3D28 /* User.swift in Sources */,
				8935CDB52431134800DC7EA0 /* TabBarViewController.swift in Sources */,
				893E71B3248BE494001C66E9 /* Schedule.swift in Sources */,
				8935CD9D2431110600DC7EA0 /* SceneDelegate.swift in Sources */,
				89B6B10924633C1C000C70B1 /* TextViewWithPlaceholder.swift in Sources */,
				8935CDC6243172E000DC7EA0 /* LoginController.swift in Sources */,
				8935CDC82431738700DC7EA0 /* RegistrationController.swift in Sources */,
				8935CDB924311BFA00DC7EA0 /* FeedController.swift in Sources */,
				89DA139924345B6D00A1596D /* Constants.swift in Sources */,
				89B6B10D2463546C000C70B1 /* Tweet.swift in Sources */,
				89B6B10B246342FD000C70B1 /* TweetService.swift in Sources */,
			);
			runOnlyForDeploymentPostprocessing = 0;
		};
/* End PBXSourcesBuildPhase section */

/* Begin PBXVariantGroup section */
		8935CDA02431110600DC7EA0 /* Main.storyboard */ = {
			isa = PBXVariantGroup;
			children = (
				8935CDA12431110600DC7EA0 /* Base */,
			);
			name = Main.storyboard;
			sourceTree = "<group>";
		};
		8935CDA52431110700DC7EA0 /* LaunchScreen.storyboard */ = {
			isa = PBXVariantGroup;
			children = (
				8935CDA62431110700DC7EA0 /* Base */,
			);
			name = LaunchScreen.storyboard;
			sourceTree = "<group>";
		};
/* End PBXVariantGroup section */

/* Begin XCBuildConfiguration section */
		8935CDA92431110700DC7EA0 /* Debug */ = {
			isa = XCBuildConfiguration;
			buildSettings = {
				ALWAYS_SEARCH_USER_PATHS = NO;
				CLANG_ANALYZER_NONNULL = YES;
				CLANG_ANALYZER_NUMBER_OBJECT_CONVERSION = YES_AGGRESSIVE;
				CLANG_CXX_LANGUAGE_STANDARD = "gnu++14";
				CLANG_CXX_LIBRARY = "libc++";
				CLANG_ENABLE_MODULES = YES;
				CLANG_ENABLE_OBJC_ARC = YES;
				CLANG_ENABLE_OBJC_WEAK = YES;
				CLANG_WARN_BLOCK_CAPTURE_AUTORELEASING = YES;
				CLANG_WARN_BOOL_CONVERSION = YES;
				CLANG_WARN_COMMA = YES;
				CLANG_WARN_CONSTANT_CONVERSION = YES;
				CLANG_WARN_DEPRECATED_OBJC_IMPLEMENTATIONS = YES;
				CLANG_WARN_DIRECT_OBJC_ISA_USAGE = YES_ERROR;
				CLANG_WARN_DOCUMENTATION_COMMENTS = YES;
				CLANG_WARN_EMPTY_BODY = YES;
				CLANG_WARN_ENUM_CONVERSION = YES;
				CLANG_WARN_INFINITE_RECURSION = YES;
				CLANG_WARN_INT_CONVERSION = YES;
				CLANG_WARN_NON_LITERAL_NULL_CONVERSION = YES;
				CLANG_WARN_OBJC_IMPLICIT_RETAIN_SELF = YES;
				CLANG_WARN_OBJC_LITERAL_CONVERSION = YES;
				CLANG_WARN_OBJC_ROOT_CLASS = YES_ERROR;
				CLANG_WARN_RANGE_LOOP_ANALYSIS = YES;
				CLANG_WARN_STRICT_PROTOTYPES = YES;
				CLANG_WARN_SUSPICIOUS_MOVE = YES;
				CLANG_WARN_UNGUARDED_AVAILABILITY = YES_AGGRESSIVE;
				CLANG_WARN_UNREACHABLE_CODE = YES;
				CLANG_WARN__DUPLICATE_METHOD_MATCH = YES;
				COPY_PHASE_STRIP = NO;
				DEBUG_INFORMATION_FORMAT = dwarf;
				ENABLE_STRICT_OBJC_MSGSEND = YES;
				ENABLE_TESTABILITY = YES;
				GCC_C_LANGUAGE_STANDARD = gnu11;
				GCC_DYNAMIC_NO_PIC = NO;
				GCC_NO_COMMON_BLOCKS = YES;
				GCC_OPTIMIZATION_LEVEL = 0;
				GCC_PREPROCESSOR_DEFINITIONS = (
					"DEBUG=1",
					"$(inherited)",
				);
				GCC_WARN_64_TO_32_BIT_CONVERSION = YES;
				GCC_WARN_ABOUT_RETURN_TYPE = YES_ERROR;
				GCC_WARN_UNDECLARED_SELECTOR = YES;
				GCC_WARN_UNINITIALIZED_AUTOS = YES_AGGRESSIVE;
				GCC_WARN_UNUSED_FUNCTION = YES;
				GCC_WARN_UNUSED_VARIABLE = YES;
				IPHONEOS_DEPLOYMENT_TARGET = 13.2;
				MTL_ENABLE_DEBUG_INFO = INCLUDE_SOURCE;
				MTL_FAST_MATH = YES;
				ONLY_ACTIVE_ARCH = YES;
				SDKROOT = iphoneos;
				SWIFT_ACTIVE_COMPILATION_CONDITIONS = DEBUG;
				SWIFT_OPTIMIZATION_LEVEL = "-Onone";
			};
			name = Debug;
		};
		8935CDAA2431110700DC7EA0 /* Release */ = {
			isa = XCBuildConfiguration;
			buildSettings = {
				ALWAYS_SEARCH_USER_PATHS = NO;
				CLANG_ANALYZER_NONNULL = YES;
				CLANG_ANALYZER_NUMBER_OBJECT_CONVERSION = YES_AGGRESSIVE;
				CLANG_CXX_LANGUAGE_STANDARD = "gnu++14";
				CLANG_CXX_LIBRARY = "libc++";
				CLANG_ENABLE_MODULES = YES;
				CLANG_ENABLE_OBJC_ARC = YES;
				CLANG_ENABLE_OBJC_WEAK = YES;
				CLANG_WARN_BLOCK_CAPTURE_AUTORELEASING = YES;
				CLANG_WARN_BOOL_CONVERSION = YES;
				CLANG_WARN_COMMA = YES;
				CLANG_WARN_CONSTANT_CONVERSION = YES;
				CLANG_WARN_DEPRECATED_OBJC_IMPLEMENTATIONS = YES;
				CLANG_WARN_DIRECT_OBJC_ISA_USAGE = YES_ERROR;
				CLANG_WARN_DOCUMENTATION_COMMENTS = YES;
				CLANG_WARN_EMPTY_BODY = YES;
				CLANG_WARN_ENUM_CONVERSION = YES;
				CLANG_WARN_INFINITE_RECURSION = YES;
				CLANG_WARN_INT_CONVERSION = YES;
				CLANG_WARN_NON_LITERAL_NULL_CONVERSION = YES;
				CLANG_WARN_OBJC_IMPLICIT_RETAIN_SELF = YES;
				CLANG_WARN_OBJC_LITERAL_CONVERSION = YES;
				CLANG_WARN_OBJC_ROOT_CLASS = YES_ERROR;
				CLANG_WARN_RANGE_LOOP_ANALYSIS = YES;
				CLANG_WARN_STRICT_PROTOTYPES = YES;
				CLANG_WARN_SUSPICIOUS_MOVE = YES;
				CLANG_WARN_UNGUARDED_AVAILABILITY = YES_AGGRESSIVE;
				CLANG_WARN_UNREACHABLE_CODE = YES;
				CLANG_WARN__DUPLICATE_METHOD_MATCH = YES;
				COPY_PHASE_STRIP = NO;
				DEBUG_INFORMATION_FORMAT = "dwarf-with-dsym";
				ENABLE_NS_ASSERTIONS = NO;
				ENABLE_STRICT_OBJC_MSGSEND = YES;
				GCC_C_LANGUAGE_STANDARD = gnu11;
				GCC_NO_COMMON_BLOCKS = YES;
				GCC_WARN_64_TO_32_BIT_CONVERSION = YES;
				GCC_WARN_ABOUT_RETURN_TYPE = YES_ERROR;
				GCC_WARN_UNDECLARED_SELECTOR = YES;
				GCC_WARN_UNINITIALIZED_AUTOS = YES_AGGRESSIVE;
				GCC_WARN_UNUSED_FUNCTION = YES;
				GCC_WARN_UNUSED_VARIABLE = YES;
				IPHONEOS_DEPLOYMENT_TARGET = 13.2;
				MTL_ENABLE_DEBUG_INFO = NO;
				MTL_FAST_MATH = YES;
				SDKROOT = iphoneos;
				SWIFT_COMPILATION_MODE = wholemodule;
				SWIFT_OPTIMIZATION_LEVEL = "-O";
				VALIDATE_PRODUCT = YES;
			};
			name = Release;
		};
		8935CDAC2431110700DC7EA0 /* Debug */ = {
			isa = XCBuildConfiguration;
			baseConfigurationReference = 8B24458AE9FB7C56CCCEBB84 /* Pods-TwitterHopefully.debug.xcconfig */;
			buildSettings = {
				ASSETCATALOG_COMPILER_APPICON_NAME = AppIcon;
				CODE_SIGN_STYLE = Automatic;
				INFOPLIST_FILE = TwitterHopefully/Info.plist;
				LD_RUNPATH_SEARCH_PATHS = (
					"$(inherited)",
					"@executable_path/Frameworks",
				);
				PRODUCT_BUNDLE_IDENTIFIER = njnnhbgvn.TwitterHopefully;
				PRODUCT_NAME = "$(TARGET_NAME)";
				SWIFT_VERSION = 5.0;
				TARGETED_DEVICE_FAMILY = "1,2";
			};
			name = Debug;
		};
		8935CDAD2431110700DC7EA0 /* Release */ = {
			isa = XCBuildConfiguration;
			baseConfigurationReference = 55A9C149F2B97E7E98DB9846 /* Pods-TwitterHopefully.release.xcconfig */;
			buildSettings = {
				ASSETCATALOG_COMPILER_APPICON_NAME = AppIcon;
				CODE_SIGN_STYLE = Automatic;
				INFOPLIST_FILE = TwitterHopefully/Info.plist;
				LD_RUNPATH_SEARCH_PATHS = (
					"$(inherited)",
					"@executable_path/Frameworks",
				);
				PRODUCT_BUNDLE_IDENTIFIER = njnnhbgvn.TwitterHopefully;
				PRODUCT_NAME = "$(TARGET_NAME)";
				SWIFT_VERSION = 5.0;
				TARGETED_DEVICE_FAMILY = "1,2";
			};
			name = Release;
		};
/* End XCBuildConfiguration section */

/* Begin XCConfigurationList section */
		8935CD922431110600DC7EA0 /* Build configuration list for PBXProject "TwitterHopefully" */ = {
			isa = XCConfigurationList;
			buildConfigurations = (
				8935CDA92431110700DC7EA0 /* Debug */,
				8935CDAA2431110700DC7EA0 /* Release */,
			);
			defaultConfigurationIsVisible = 0;
			defaultConfigurationName = Release;
		};
		8935CDAB2431110700DC7EA0 /* Build configuration list for PBXNativeTarget "TwitterHopefully" */ = {
			isa = XCConfigurationList;
			buildConfigurations = (
				8935CDAC2431110700DC7EA0 /* Debug */,
				8935CDAD2431110700DC7EA0 /* Release */,
			);
			defaultConfigurationIsVisible = 0;
			defaultConfigurationName = Release;
		};
/* End XCConfigurationList section */
	};
	rootObject = 8935CD8F2431110600DC7EA0 /* Project object */;
}
