// !$*UTF8*$!
{
	archiveVersion = 1;
	classes = {
	};
	objectVersion = 50;
	objects = {

/* Begin PBXBuildFile section */
		8935CD9B2431110600DC7EA0 /* AppDelegate.swift in Sources */ = {isa = PBXBuildFile; fileRef = 8935CD9A2431110600DC7EA0 /* AppDelegate.swift */; };
		8935CD9D2431110600DC7EA0 /* SceneDelegate.swift in Sources */ = {isa = PBXBuildFile; fileRef = 8935CD9C2431110600DC7EA0 /* SceneDelegate.swift */; };
		8935CDA22431110600DC7EA0 /* Main.storyboard in Resources */ = {isa = PBXBuildFile; fileRef = 8935CDA02431110600DC7EA0 /* Main.storyboard */; };
		8935CDA42431110700DC7EA0 /* Assets.xcassets in Resources */ = {isa = PBXBuildFile; fileRef = 8935CDA32431110700DC7EA0 /* Assets.xcassets */; };
		8935CDA72431110700DC7EA0 /* LaunchScreen.storyboard in Resources */ = {isa = PBXBuildFile; fileRef = 8935CDA52431110700DC7EA0 /* LaunchScreen.storyboard */; };
		8935CDB52431134800DC7EA0 /* TabBarViewController.swift in Sources */ = {isa = PBXBuildFile; fileRef = 8935CDB42431134800DC7EA0 /* TabBarViewController.swift */; };
		8935CDB924311BFA00DC7EA0 /* FeedController.swift in Sources */ = {isa = PBXBuildFile; fileRef = 8935CDB824311BFA00DC7EA0 /* FeedController.swift */; };
		8935CDBB24311C5A00DC7EA0 /* ExploreController.swift in Sources */ = {isa = PBXBuildFile; fileRef = 8935CDBA24311C5A00DC7EA0 /* ExploreController.swift */; };
		8935CDBD24311CD600DC7EA0 /* NotificationsController.swift in Sources */ = {isa = PBXBuildFile; fileRef = 8935CDBC24311CD600DC7EA0 /* NotificationsController.swift */; };
		8935CDC124311DF400DC7EA0 /* ConversationsController.swift in Sources */ = {isa = PBXBuildFile; fileRef = 8935CDC024311DF400DC7EA0 /* ConversationsController.swift */; };
		8935CDC3243142A700DC7EA0 /* Extensions.swift in Sources */ = {isa = PBXBuildFile; fileRef = 8935CDC2243142A700DC7EA0 /* Extensions.swift */; };
		8935CDC6243172E000DC7EA0 /* LoginController.swift in Sources */ = {isa = PBXBuildFile; fileRef = 8935CDC5243172E000DC7EA0 /* LoginController.swift */; };
		8935CDC82431738700DC7EA0 /* RegistrationController.swift in Sources */ = {isa = PBXBuildFile; fileRef = 8935CDC72431738700DC7EA0 /* RegistrationController.swift */; };
		8935CDCA24326F9200DC7EA0 /* Utilities.swift in Sources */ = {isa = PBXBuildFile; fileRef = 8935CDC924326F9200DC7EA0 /* Utilities.swift */; };
/* End PBXBuildFile section */

/* Begin PBXFileReference section */
		8935CD972431110600DC7EA0 /* TwitterHopefully.app */ = {isa = PBXFileReference; explicitFileType = wrapper.application; includeInIndex = 0; path = TwitterHopefully.app; sourceTree = BUILT_PRODUCTS_DIR; };
		8935CD9A2431110600DC7EA0 /* AppDelegate.swift */ = {isa = PBXFileReference; lastKnownFileType = sourcecode.swift; path = AppDelegate.swift; sourceTree = "<group>"; };
		8935CD9C2431110600DC7EA0 /* SceneDelegate.swift */ = {isa = PBXFileReference; lastKnownFileType = sourcecode.swift; path = SceneDelegate.swift; sourceTree = "<group>"; };
		8935CDA12431110600DC7EA0 /* Base */ = {isa = PBXFileReference; lastKnownFileType = file.storyboard; name = Base; path = Base.lproj/Main.storyboard; sourceTree = "<group>"; };
		8935CDA32431110700DC7EA0 /* Assets.xcassets */ = {isa = PBXFileReference; lastKnownFileType = folder.assetcatalog; path = Assets.xcassets; sourceTree = "<group>"; };
		8935CDA62431110700DC7EA0 /* Base */ = {isa = PBXFileReference; lastKnownFileType = file.storyboard; name = Base; path = Base.lproj/LaunchScreen.storyboard; sourceTree = "<group>"; };
		8935CDA82431110700DC7EA0 /* Info.plist */ = {isa = PBXFileReference; lastKnownFileType = text.plist.xml; path = Info.plist; sourceTree = "<group>"; };
		8935CDB42431134800DC7EA0 /* TabBarViewController.swift */ = {isa = PBXFileReference; lastKnownFileType = sourcecode.swift; path = TabBarViewController.swift; sourceTree = "<group>"; };
		8935CDB824311BFA00DC7EA0 /* FeedController.swift */ = {isa = PBXFileReference; lastKnownFileType = sourcecode.swift; path = FeedController.swift; sourceTree = "<group>"; };
		8935CDBA24311C5A00DC7EA0 /* ExploreController.swift */ = {isa = PBXFileReference; lastKnownFileType = sourcecode.swift; path = ExploreController.swift; sourceTree = "<group>"; };
		8935CDBC24311CD600DC7EA0 /* NotificationsController.swift */ = {isa = PBXFileReference; lastKnownFileType = sourcecode.swift; path = NotificationsController.swift; sourceTree = "<group>"; };
		8935CDC024311DF400DC7EA0 /* ConversationsController.swift */ = {isa = PBXFileReference; lastKnownFileType = sourcecode.swift; path = ConversationsController.swift; sourceTree = "<group>"; };
		8935CDC2243142A700DC7EA0 /* Extensions.swift */ = {isa = PBXFileReference; lastKnownFileType = sourcecode.swift; path = Extensions.swift; sourceTree = "<group>"; };
		8935CDC5243172E000DC7EA0 /* LoginController.swift */ = {isa = PBXFileReference; lastKnownFileType = sourcecode.swift; path = LoginController.swift; sourceTree = "<group>"; };
		8935CDC72431738700DC7EA0 /* RegistrationController.swift */ = {isa = PBXFileReference; lastKnownFileType = sourcecode.swift; path = RegistrationController.swift; sourceTree = "<group>"; };
		8935CDC924326F9200DC7EA0 /* Utilities.swift */ = {isa = PBXFileReference; lastKnownFileType = sourcecode.swift; path = Utilities.swift; sourceTree = "<group>"; };
/* End PBXFileReference section */

/* Begin PBXFrameworksBuildPhase section */
		8935CD942431110600DC7EA0 /* Frameworks */ = {
			isa = PBXFrameworksBuildPhase;
			buildActionMask = 2147483647;
			files = (
			);
			runOnlyForDeploymentPostprocessing = 0;
		};
/* End PBXFrameworksBuildPhase section */

/* Begin PBXGroup section */
		8935CD8E2431110600DC7EA0 = {
			isa = PBXGroup;
			children = (
				8935CD992431110600DC7EA0 /* TwitterHopefully */,
				8935CD982431110600DC7EA0 /* Products */,
			);
			sourceTree = "<group>";
		};
		8935CD982431110600DC7EA0 /* Products */ = {
			isa = PBXGroup;
			children = (
				8935CD972431110600DC7EA0 /* TwitterHopefully.app */,
			);
			name = Products;
			sourceTree = "<group>";
		};
		8935CD992431110600DC7EA0 /* TwitterHopefully */ = {
			isa = PBXGroup;
			children = (
				8935CDAE2431114C00DC7EA0 /* Model */,
				8935CDAF2431116000DC7EA0 /* View */,
				8935CDB02431118400DC7EA0 /* ViewModel */,
				8935CDB1243111A200DC7EA0 /* Controller */,
				8935CDB2243111B400DC7EA0 /* API */,
				8935CDB3243111C200DC7EA0 /* Utils */,
				8935CD9A2431110600DC7EA0 /* AppDelegate.swift */,
				8935CD9C2431110600DC7EA0 /* SceneDelegate.swift */,
				8935CDA02431110600DC7EA0 /* Main.storyboard */,
				8935CDA32431110700DC7EA0 /* Assets.xcassets */,
				8935CDA52431110700DC7EA0 /* LaunchScreen.storyboard */,
				8935CDA82431110700DC7EA0 /* Info.plist */,
			);
			path = TwitterHopefully;
			sourceTree = "<group>";
		};
		8935CDAE2431114C00DC7EA0 /* Model */ = {
			isa = PBXGroup;
			children = (
			);
			path = Model;
			sourceTree = "<group>";
		};
		8935CDAF2431116000DC7EA0 /* View */ = {
			isa = PBXGroup;
			children = (
			);
			path = View;
			sourceTree = "<group>";
		};
		8935CDB02431118400DC7EA0 /* ViewModel */ = {
			isa = PBXGroup;
			children = (
			);
			path = ViewModel;
			sourceTree = "<group>";
		};
		8935CDB1243111A200DC7EA0 /* Controller */ = {
			isa = PBXGroup;
			children = (
				8935CDC4243172CF00DC7EA0 /* Auth */,
				8935CDB42431134800DC7EA0 /* TabBarViewController.swift */,
				8935CDB824311BFA00DC7EA0 /* FeedController.swift */,
				8935CDBA24311C5A00DC7EA0 /* ExploreController.swift */,
				8935CDBC24311CD600DC7EA0 /* NotificationsController.swift */,
				8935CDC024311DF400DC7EA0 /* ConversationsController.swift */,
			);
			path = Controller;
			sourceTree = "<group>";
		};
		8935CDB2243111B400DC7EA0 /* API */ = {
			isa = PBXGroup;
			children = (
			);
			path = API;
			sourceTree = "<group>";
		};
		8935CDB3243111C200DC7EA0 /* Utils */ = {
			isa = PBXGroup;
			children = (
				8935CDC2243142A700DC7EA0 /* Extensions.swift */,
				8935CDC924326F9200DC7EA0 /* Utilities.swift */,
			);
			path = Utils;
			sourceTree = "<group>";
		};
		8935CDC4243172CF00DC7EA0 /* Auth */ = {
			isa = PBXGroup;
			children = (
				8935CDC5243172E000DC7EA0 /* LoginController.swift */,
				8935CDC72431738700DC7EA0 /* RegistrationController.swift */,
			);
			path = Auth;
			sourceTree = "<group>";
		};
/* End PBXGroup section */

/* Begin PBXNativeTarget section */
		8935CD962431110600DC7EA0 /* TwitterHopefully */ = {
			isa = PBXNativeTarget;
			buildConfigurationList = 8935CDAB2431110700DC7EA0 /* Build configuration list for PBXNativeTarget "TwitterHopefully" */;
			buildPhases = (
				8935CD932431110600DC7EA0 /* Sources */,
				8935CD942431110600DC7EA0 /* Frameworks */,
				8935CD952431110600DC7EA0 /* Resources */,
			);
			buildRules = (
			);
			dependencies = (
			);
			name = TwitterHopefully;
			productName = TwitterHopefully;
			productReference = 8935CD972431110600DC7EA0 /* TwitterHopefully.app */;
			productType = "com.apple.product-type.application";
		};
/* End PBXNativeTarget section */

/* Begin PBXProject section */
		8935CD8F2431110600DC7EA0 /* Project object */ = {
			isa = PBXProject;
			attributes = {
				LastSwiftUpdateCheck = 1130;
				LastUpgradeCheck = 1130;
				ORGANIZATIONNAME = "Michael Perrone";
				TargetAttributes = {
					8935CD962431110600DC7EA0 = {
						CreatedOnToolsVersion = 11.3.1;
					};
				};
			};
			buildConfigurationList = 8935CD922431110600DC7EA0 /* Build configuration list for PBXProject "TwitterHopefully" */;
			compatibilityVersion = "Xcode 9.3";
			developmentRegion = en;
			hasScannedForEncodings = 0;
			knownRegions = (
				en,
				Base,
			);
			mainGroup = 8935CD8E2431110600DC7EA0;
			productRefGroup = 8935CD982431110600DC7EA0 /* Products */;
			projectDirPath = "";
			projectRoot = "";
			targets = (
				8935CD962431110600DC7EA0 /* TwitterHopefully */,
			);
		};
/* End PBXProject section */

/* Begin PBXResourcesBuildPhase section */
		8935CD952431110600DC7EA0 /* Resources */ = {
			isa = PBXResourcesBuildPhase;
			buildActionMask = 2147483647;
			files = (
				8935CDA72431110700DC7EA0 /* LaunchScreen.storyboard in Resources */,
				8935CDA42431110700DC7EA0 /* Assets.xcassets in Resources */,
				8935CDA22431110600DC7EA0 /* Main.storyboard in Resources */,
			);
			runOnlyForDeploymentPostprocessing = 0;
		};
/* End PBXResourcesBuildPhase section */

/* Begin PBXSourcesBuildPhase section */
		8935CD932431110600DC7EA0 /* Sources */ = {
			isa = PBXSourcesBuildPhase;
			buildActionMask = 2147483647;
			files = (
				8935CDBD24311CD600DC7EA0 /* NotificationsController.swift in Sources */,
				8935CDC124311DF400DC7EA0 /* ConversationsController.swift in Sources */,
				8935CDCA24326F9200DC7EA0 /* Utilities.swift in Sources */,
				8935CD9B2431110600DC7EA0 /* AppDelegate.swift in Sources */,
				8935CDC3243142A700DC7EA0 /* Extensions.swift in Sources */,
				8935CDBB24311C5A00DC7EA0 /* ExploreController.swift in Sources */,
				8935CDB52431134800DC7EA0 /* TabBarViewController.swift in Sources */,
				8935CD9D2431110600DC7EA0 /* SceneDelegate.swift in Sources */,
				8935CDC6243172E000DC7EA0 /* LoginController.swift in Sources */,
				8935CDC82431738700DC7EA0 /* RegistrationController.swift in Sources */,
				8935CDB924311BFA00DC7EA0 /* FeedController.swift in Sources */,
			);
			runOnlyForDeploymentPostprocessing = 0;
		};
/* End PBXSourcesBuildPhase section */

/* Begin PBXVariantGroup section */
		8935CDA02431110600DC7EA0 /* Main.storyboard */ = {
			isa = PBXVariantGroup;
			children = (
				8935CDA12431110600DC7EA0 /* Base */,
			);
			name = Main.storyboard;
			sourceTree = "<group>";
		};
		8935CDA52431110700DC7EA0 /* LaunchScreen.storyboard */ = {
			isa = PBXVariantGroup;
			children = (
				8935CDA62431110700DC7EA0 /* Base */,
			);
			name = LaunchScreen.storyboard;
			sourceTree = "<group>";
		};
/* End PBXVariantGroup section */

/* Begin XCBuildConfiguration section */
		8935CDA92431110700DC7EA0 /* Debug */ = {
			isa = XCBuildConfiguration;
			buildSettings = {
				ALWAYS_SEARCH_USER_PATHS = NO;
				CLANG_ANALYZER_NONNULL = YES;
				CLANG_ANALYZER_NUMBER_OBJECT_CONVERSION = YES_AGGRESSIVE;
				CLANG_CXX_LANGUAGE_STANDARD = "gnu++14";
				CLANG_CXX_LIBRARY = "libc++";
				CLANG_ENABLE_MODULES = YES;
				CLANG_ENABLE_OBJC_ARC = YES;
				CLANG_ENABLE_OBJC_WEAK = YES;
				CLANG_WARN_BLOCK_CAPTURE_AUTORELEASING = YES;
				CLANG_WARN_BOOL_CONVERSION = YES;
				CLANG_WARN_COMMA = YES;
				CLANG_WARN_CONSTANT_CONVERSION = YES;
				CLANG_WARN_DEPRECATED_OBJC_IMPLEMENTATIONS = YES;
				CLANG_WARN_DIRECT_OBJC_ISA_USAGE = YES_ERROR;
				CLANG_WARN_DOCUMENTATION_COMMENTS = YES;
				CLANG_WARN_EMPTY_BODY = YES;
				CLANG_WARN_ENUM_CONVERSION = YES;
				CLANG_WARN_INFINITE_RECURSION = YES;
				CLANG_WARN_INT_CONVERSION = YES;
				CLANG_WARN_NON_LITERAL_NULL_CONVERSION = YES;
				CLANG_WARN_OBJC_IMPLICIT_RETAIN_SELF = YES;
				CLANG_WARN_OBJC_LITERAL_CONVERSION = YES;
				CLANG_WARN_OBJC_ROOT_CLASS = YES_ERROR;
				CLANG_WARN_RANGE_LOOP_ANALYSIS = YES;
				CLANG_WARN_STRICT_PROTOTYPES = YES;
				CLANG_WARN_SUSPICIOUS_MOVE = YES;
				CLANG_WARN_UNGUARDED_AVAILABILITY = YES_AGGRESSIVE;
				CLANG_WARN_UNREACHABLE_CODE = YES;
				CLANG_WARN__DUPLICATE_METHOD_MATCH = YES;
				COPY_PHASE_STRIP = NO;
				DEBUG_INFORMATION_FORMAT = dwarf;
				ENABLE_STRICT_OBJC_MSGSEND = YES;
				ENABLE_TESTABILITY = YES;
				GCC_C_LANGUAGE_STANDARD = gnu11;
				GCC_DYNAMIC_NO_PIC = NO;
				GCC_NO_COMMON_BLOCKS = YES;
				GCC_OPTIMIZATION_LEVEL = 0;
				GCC_PREPROCESSOR_DEFINITIONS = (
					"DEBUG=1",
					"$(inherited)",
				);
				GCC_WARN_64_TO_32_BIT_CONVERSION = YES;
				GCC_WARN_ABOUT_RETURN_TYPE = YES_ERROR;
				GCC_WARN_UNDECLARED_SELECTOR = YES;
				GCC_WARN_UNINITIALIZED_AUTOS = YES_AGGRESSIVE;
				GCC_WARN_UNUSED_FUNCTION = YES;
				GCC_WARN_UNUSED_VARIABLE = YES;
				IPHONEOS_DEPLOYMENT_TARGET = 13.2;
				MTL_ENABLE_DEBUG_INFO = INCLUDE_SOURCE;
				MTL_FAST_MATH = YES;
				ONLY_ACTIVE_ARCH = YES;
				SDKROOT = iphoneos;
				SWIFT_ACTIVE_COMPILATION_CONDITIONS = DEBUG;
				SWIFT_OPTIMIZATION_LEVEL = "-Onone";
			};
			name = Debug;
		};
		8935CDAA2431110700DC7EA0 /* Release */ = {
			isa = XCBuildConfiguration;
			buildSettings = {
				ALWAYS_SEARCH_USER_PATHS = NO;
				CLANG_ANALYZER_NONNULL = YES;
				CLANG_ANALYZER_NUMBER_OBJECT_CONVERSION = YES_AGGRESSIVE;
				CLANG_CXX_LANGUAGE_STANDARD = "gnu++14";
				CLANG_CXX_LIBRARY = "libc++";
				CLANG_ENABLE_MODULES = YES;
				CLANG_ENABLE_OBJC_ARC = YES;
				CLANG_ENABLE_OBJC_WEAK = YES;
				CLANG_WARN_BLOCK_CAPTURE_AUTORELEASING = YES;
				CLANG_WARN_BOOL_CONVERSION = YES;
				CLANG_WARN_COMMA = YES;
				CLANG_WARN_CONSTANT_CONVERSION = YES;
				CLANG_WARN_DEPRECATED_OBJC_IMPLEMENTATIONS = YES;
				CLANG_WARN_DIRECT_OBJC_ISA_USAGE = YES_ERROR;
				CLANG_WARN_DOCUMENTATION_COMMENTS = YES;
				CLANG_WARN_EMPTY_BODY = YES;
				CLANG_WARN_ENUM_CONVERSION = YES;
				CLANG_WARN_INFINITE_RECURSION = YES;
				CLANG_WARN_INT_CONVERSION = YES;
				CLANG_WARN_NON_LITERAL_NULL_CONVERSION = YES;
				CLANG_WARN_OBJC_IMPLICIT_RETAIN_SELF = YES;
				CLANG_WARN_OBJC_LITERAL_CONVERSION = YES;
				CLANG_WARN_OBJC_ROOT_CLASS = YES_ERROR;
				CLANG_WARN_RANGE_LOOP_ANALYSIS = YES;
				CLANG_WARN_STRICT_PROTOTYPES = YES;
				CLANG_WARN_SUSPICIOUS_MOVE = YES;
				CLANG_WARN_UNGUARDED_AVAILABILITY = YES_AGGRESSIVE;
				CLANG_WARN_UNREACHABLE_CODE = YES;
				CLANG_WARN__DUPLICATE_METHOD_MATCH = YES;
				COPY_PHASE_STRIP = NO;
				DEBUG_INFORMATION_FORMAT = "dwarf-with-dsym";
				ENABLE_NS_ASSERTIONS = NO;
				ENABLE_STRICT_OBJC_MSGSEND = YES;
				GCC_C_LANGUAGE_STANDARD = gnu11;
				GCC_NO_COMMON_BLOCKS = YES;
				GCC_WARN_64_TO_32_BIT_CONVERSION = YES;
				GCC_WARN_ABOUT_RETURN_TYPE = YES_ERROR;
				GCC_WARN_UNDECLARED_SELECTOR = YES;
				GCC_WARN_UNINITIALIZED_AUTOS = YES_AGGRESSIVE;
				GCC_WARN_UNUSED_FUNCTION = YES;
				GCC_WARN_UNUSED_VARIABLE = YES;
				IPHONEOS_DEPLOYMENT_TARGET = 13.2;
				MTL_ENABLE_DEBUG_INFO = NO;
				MTL_FAST_MATH = YES;
				SDKROOT = iphoneos;
				SWIFT_COMPILATION_MODE = wholemodule;
				SWIFT_OPTIMIZATION_LEVEL = "-O";
				VALIDATE_PRODUCT = YES;
			};
			name = Release;
		};
		8935CDAC2431110700DC7EA0 /* Debug */ = {
			isa = XCBuildConfiguration;
			buildSettings = {
				ASSETCATALOG_COMPILER_APPICON_NAME = AppIcon;
				CODE_SIGN_STYLE = Automatic;
				INFOPLIST_FILE = TwitterHopefully/Info.plist;
				LD_RUNPATH_SEARCH_PATHS = (
					"$(inherited)",
					"@executable_path/Frameworks",
				);
				PRODUCT_BUNDLE_IDENTIFIER = njnnhbgvn.TwitterHopefully;
				PRODUCT_NAME = "$(TARGET_NAME)";
				SWIFT_VERSION = 5.0;
				TARGETED_DEVICE_FAMILY = "1,2";
			};
			name = Debug;
		};
		8935CDAD2431110700DC7EA0 /* Release */ = {
			isa = XCBuildConfiguration;
			buildSettings = {
				ASSETCATALOG_COMPILER_APPICON_NAME = AppIcon;
				CODE_SIGN_STYLE = Automatic;
				INFOPLIST_FILE = TwitterHopefully/Info.plist;
				LD_RUNPATH_SEARCH_PATHS = (
					"$(inherited)",
					"@executable_path/Frameworks",
				);
				PRODUCT_BUNDLE_IDENTIFIER = njnnhbgvn.TwitterHopefully;
				PRODUCT_NAME = "$(TARGET_NAME)";
				SWIFT_VERSION = 5.0;
				TARGETED_DEVICE_FAMILY = "1,2";
			};
			name = Release;
		};
/* End XCBuildConfiguration section */

/* Begin XCConfigurationList section */
		8935CD922431110600DC7EA0 /* Build configuration list for PBXProject "TwitterHopefully" */ = {
			isa = XCConfigurationList;
			buildConfigurations = (
				8935CDA92431110700DC7EA0 /* Debug */,
				8935CDAA2431110700DC7EA0 /* Release */,
			);
			defaultConfigurationIsVisible = 0;
			defaultConfigurationName = Release;
		};
		8935CDAB2431110700DC7EA0 /* Build configuration list for PBXNativeTarget "TwitterHopefully" */ = {
			isa = XCConfigurationList;
			buildConfigurations = (
				8935CDAC2431110700DC7EA0 /* Debug */,
				8935CDAD2431110700DC7EA0 /* Release */,
			);
			defaultConfigurationIsVisible = 0;
			defaultConfigurationName = Release;
		};
/* End XCConfigurationList section */
	};
	rootObject = 8935CD8F2431110600DC7EA0 /* Project object */;
}
